
Microsoft Visual Studio Solution File, Format Version 12.00
# Visual Studio Express 2013 for Windows Desktop
VisualStudioVersion = 12.0.21005.1
MinimumVisualStudioVersion = 10.0.40219.1
Project("{8BC9CEB8-8B4A-11D0-8D11-00A0C91BC942}") = "Lab01", "Lab01\Lab01.vcxproj", "{9C4A759B-532A-40E7-ADE8-7E3E4E95C88F}"
EndProject
Project("{8BC9CEB8-8B4A-11D0-8D11-00A0C91BC942}") = "Lab03", "Lab03\Lab03.vcxproj", "{48D7FF28-79AC-4075-B1E3-EE6E7D62FF10}"
EndProject
Project("{8BC9CEB8-8B4A-11D0-8D11-00A0C91BC942}") = "Lab04", "Lab04\Lab04.vcxproj", "{FF8D6574-8E2E-4E9A-B948-91CE4C23714C}"
EndProject
Project("{8BC9CEB8-8B4A-11D0-8D11-00A0C91BC942}") = "Lab05", "Lab05\Lab05.vcxproj", "{8EE08836-59AA-493E-A14B-225DD8D7DBE8}"
	ProjectSection(ProjectDependencies) = postProject
		{81A4C34C-3EE4-43E4-98D8-00EFD1F78E1F} = {81A4C34C-3EE4-43E4-98D8-00EFD1F78E1F}
	EndProjectSection
EndProject
Project("{8BC9CEB8-8B4A-11D0-8D11-00A0C91BC942}") = "Common", "Common\Common.vcxproj", "{81A4C34C-3EE4-43E4-98D8-00EFD1F78E1F}"
EndProject
Global
	GlobalSection(SolutionConfigurationPlatforms) = preSolution
		Debug|Win32 = Debug|Win32
		Release|Win32 = Release|Win32
	EndGlobalSection
	GlobalSection(ProjectConfigurationPlatforms) = postSolution
		{9C4A759B-532A-40E7-ADE8-7E3E4E95C88F}.Debug|Win32.ActiveCfg = Debug|Win32
		{9C4A759B-532A-40E7-ADE8-7E3E4E95C88F}.Debug|Win32.Build.0 = Debug|Win32
		{9C4A759B-532A-40E7-ADE8-7E3E4E95C88F}.Release|Win32.ActiveCfg = Release|Win32
		{9C4A759B-532A-40E7-ADE8-7E3E4E95C88F}.Release|Win32.Build.0 = Release|Win32
		{48D7FF28-79AC-4075-B1E3-EE6E7D62FF10}.Debug|Win32.ActiveCfg = Debug|Win32
		{48D7FF28-79AC-4075-B1E3-EE6E7D62FF10}.Debug|Win32.Build.0 = Debug|Win32
		{48D7FF28-79AC-4075-B1E3-EE6E7D62FF10}.Release|Win32.ActiveCfg = Release|Win32
		{48D7FF28-79AC-4075-B1E3-EE6E7D62FF10}.Release|Win32.Build.0 = Release|Win32
		{FF8D6574-8E2E-4E9A-B948-91CE4C23714C}.Debug|Win32.ActiveCfg = Debug|Win32
		{FF8D6574-8E2E-4E9A-B948-91CE4C23714C}.Debug|Win32.Build.0 = Debug|Win32
		{FF8D6574-8E2E-4E9A-B948-91CE4C23714C}.Release|Win32.ActiveCfg = Release|Win32
		{FF8D6574-8E2E-4E9A-B948-91CE4C23714C}.Release|Win32.Build.0 = Release|Win32
		{8EE08836-59AA-493E-A14B-225DD8D7DBE8}.Debug|Win32.ActiveCfg = Debug|Win32
		{8EE08836-59AA-493E-A14B-225DD8D7DBE8}.Debug|Win32.Build.0 = Debug|Win32
		{8EE08836-59AA-493E-A14B-225DD8D7DBE8}.Release|Win32.ActiveCfg = Release|Win32
		{8EE08836-59AA-493E-A14B-225DD8D7DBE8}.Release|Win32.Build.0 = Release|Win32
		{81A4C34C-3EE4-43E4-98D8-00EFD1F78E1F}.Debug|Win32.ActiveCfg = Debug|Win32
		{81A4C34C-3EE4-43E4-98D8-00EFD1F78E1F}.Debug|Win32.Build.0 = Debug|Win32
		{81A4C34C-3EE4-43E4-98D8-00EFD1F78E1F}.Release|Win32.ActiveCfg = Release|Win32
		{81A4C34C-3EE4-43E4-98D8-00EFD1F78E1F}.Release|Win32.Build.0 = Release|Win32
	EndGlobalSection
	GlobalSection(SolutionProperties) = preSolution
		HideSolutionNode = FALSE
	EndGlobalSection
EndGlobal
