
Microsoft Visual Studio Solution File, Format Version 12.00
# Visual Studio Express 2013 for Windows Desktop
VisualStudioVersion = 12.0.21005.1
MinimumVisualStudioVersion = 10.0.40219.1
Project("{8BC9CEB8-8B4A-11D0-8D11-00A0C91BC942}") = "Lab201 - Graphing Calculator", "Lab201\Lab201.vcxproj", "{B5921272-9954-4321-AA31-0EF363E4BF71}"
EndProject
Project("{8BC9CEB8-8B4A-11D0-8D11-00A0C91BC942}") = "Common", "..\AP-CS-Misc\Common\Common.vcxproj", "{81A4C34C-3EE4-43E4-98D8-00EFD1F78E1F}"
EndProject
Project("{8BC9CEB8-8B4A-11D0-8D11-00A0C91BC942}") = "Lab202 - Search Array", "Lab202\Lab202.vcxproj", "{CA7A420B-A1FB-408E-B39E-4E7BA8A03B78}"
EndProject
Project("{8BC9CEB8-8B4A-11D0-8D11-00A0C91BC942}") = "Lab203 - Dice", "Lab203\Lab203.vcxproj", "{A1805DD7-3FE9-49BA-9DBE-4C645B2B6DB0}"
EndProject
Project("{8BC9CEB8-8B4A-11D0-8D11-00A0C91BC942}") = "Lab204 - File IO", "Lab204\Lab204.vcxproj", "{FBE56E60-7C70-43E5-B597-EBB3319EED31}"
EndProject
Project("{8BC9CEB8-8B4A-11D0-8D11-00A0C91BC942}") = "Lab205 - Inventory System", "Lab205\Lab205.vcxproj", "{13544507-0D00-4F9A-8BAE-522861F03FF0}"
EndProject
Project("{8BC9CEB8-8B4A-11D0-8D11-00A0C91BC942}") = "Lab206 - Inventory System Part 2", "Lab206\Lab206.vcxproj", "{47F80F19-4938-4FB2-9A24-9B72C60E829E}"
EndProject
Project("{8BC9CEB8-8B4A-11D0-8D11-00A0C91BC942}") = "Lab207 - Rotate Alphabet", "Lab207\Lab207.vcxproj", "{695E3DA2-065C-4FB1-8CB1-2602D1661692}"
EndProject
Project("{8BC9CEB8-8B4A-11D0-8D11-00A0C91BC942}") = "Lab208 - Cooney", "Lab208\Lab208.vcxproj", "{FB3D6D56-1432-4A8C-B183-8FD7B56EB7C2}"
EndProject
Project("{8BC9CEB8-8B4A-11D0-8D11-00A0C91BC942}") = "Lab209 - Swap First and Last Name", "Lab209\Lab209.vcxproj", "{9B84679C-2076-4D0E-9592-46AD0CA07BF0}"
EndProject
Project("{8BC9CEB8-8B4A-11D0-8D11-00A0C91BC942}") = "Lab210 - Reverse String", "Lab210\Lab210.vcxproj", "{71CC4DC7-1E07-4C4C-9AE7-6707931683EE}"
EndProject
Project("{8BC9CEB8-8B4A-11D0-8D11-00A0C91BC942}") = "Lab211 - Inventory System Part 3", "Lab211\Lab211.vcxproj", "{BC339B69-6A72-410F-95FE-8EE79E553271}"
EndProject
Project("{8BC9CEB8-8B4A-11D0-8D11-00A0C91BC942}") = "Lab213", "Lab213\Lab213.vcxproj", "{C191D878-250A-474D-B2A4-E957C9E6BF44}"
EndProject
Project("{8BC9CEB8-8B4A-11D0-8D11-00A0C91BC942}") = "Simulation", "Simulation\Simulation.vcxproj", "{C1C22503-B521-419E-987C-8743177A6524}"
EndProject
Project("{8BC9CEB8-8B4A-11D0-8D11-00A0C91BC942}") = "Simulation2 - OO Version", "Simulation2\Simulation2.vcxproj", "{62295CA1-99D4-4047-99AC-A0C5713102B1}"
EndProject
Global
	GlobalSection(SolutionConfigurationPlatforms) = preSolution
		Debug|Win32 = Debug|Win32
		Release|Win32 = Release|Win32
	EndGlobalSection
	GlobalSection(ProjectConfigurationPlatforms) = postSolution
		{B5921272-9954-4321-AA31-0EF363E4BF71}.Debug|Win32.ActiveCfg = Debug|Win32
		{B5921272-9954-4321-AA31-0EF363E4BF71}.Debug|Win32.Build.0 = Debug|Win32
		{B5921272-9954-4321-AA31-0EF363E4BF71}.Release|Win32.ActiveCfg = Release|Win32
		{B5921272-9954-4321-AA31-0EF363E4BF71}.Release|Win32.Build.0 = Release|Win32
		{81A4C34C-3EE4-43E4-98D8-00EFD1F78E1F}.Debug|Win32.ActiveCfg = Debug|Win32
		{81A4C34C-3EE4-43E4-98D8-00EFD1F78E1F}.Debug|Win32.Build.0 = Debug|Win32
		{81A4C34C-3EE4-43E4-98D8-00EFD1F78E1F}.Release|Win32.ActiveCfg = Release|Win32
		{81A4C34C-3EE4-43E4-98D8-00EFD1F78E1F}.Release|Win32.Build.0 = Release|Win32
		{CA7A420B-A1FB-408E-B39E-4E7BA8A03B78}.Debug|Win32.ActiveCfg = Debug|Win32
		{CA7A420B-A1FB-408E-B39E-4E7BA8A03B78}.Debug|Win32.Build.0 = Debug|Win32
		{CA7A420B-A1FB-408E-B39E-4E7BA8A03B78}.Release|Win32.ActiveCfg = Release|Win32
		{CA7A420B-A1FB-408E-B39E-4E7BA8A03B78}.Release|Win32.Build.0 = Release|Win32
		{A1805DD7-3FE9-49BA-9DBE-4C645B2B6DB0}.Debug|Win32.ActiveCfg = Debug|Win32
		{A1805DD7-3FE9-49BA-9DBE-4C645B2B6DB0}.Debug|Win32.Build.0 = Debug|Win32
		{A1805DD7-3FE9-49BA-9DBE-4C645B2B6DB0}.Release|Win32.ActiveCfg = Release|Win32
		{A1805DD7-3FE9-49BA-9DBE-4C645B2B6DB0}.Release|Win32.Build.0 = Release|Win32
		{FBE56E60-7C70-43E5-B597-EBB3319EED31}.Debug|Win32.ActiveCfg = Debug|Win32
		{FBE56E60-7C70-43E5-B597-EBB3319EED31}.Debug|Win32.Build.0 = Debug|Win32
		{FBE56E60-7C70-43E5-B597-EBB3319EED31}.Release|Win32.ActiveCfg = Release|Win32
		{FBE56E60-7C70-43E5-B597-EBB3319EED31}.Release|Win32.Build.0 = Release|Win32
		{13544507-0D00-4F9A-8BAE-522861F03FF0}.Debug|Win32.ActiveCfg = Debug|Win32
		{13544507-0D00-4F9A-8BAE-522861F03FF0}.Debug|Win32.Build.0 = Debug|Win32
		{13544507-0D00-4F9A-8BAE-522861F03FF0}.Release|Win32.ActiveCfg = Release|Win32
		{13544507-0D00-4F9A-8BAE-522861F03FF0}.Release|Win32.Build.0 = Release|Win32
		{47F80F19-4938-4FB2-9A24-9B72C60E829E}.Debug|Win32.ActiveCfg = Debug|Win32
		{47F80F19-4938-4FB2-9A24-9B72C60E829E}.Debug|Win32.Build.0 = Debug|Win32
		{47F80F19-4938-4FB2-9A24-9B72C60E829E}.Release|Win32.ActiveCfg = Release|Win32
		{47F80F19-4938-4FB2-9A24-9B72C60E829E}.Release|Win32.Build.0 = Release|Win32
		{695E3DA2-065C-4FB1-8CB1-2602D1661692}.Debug|Win32.ActiveCfg = Debug|Win32
		{695E3DA2-065C-4FB1-8CB1-2602D1661692}.Debug|Win32.Build.0 = Debug|Win32
		{695E3DA2-065C-4FB1-8CB1-2602D1661692}.Release|Win32.ActiveCfg = Release|Win32
		{695E3DA2-065C-4FB1-8CB1-2602D1661692}.Release|Win32.Build.0 = Release|Win32
		{FB3D6D56-1432-4A8C-B183-8FD7B56EB7C2}.Debug|Win32.ActiveCfg = Debug|Win32
		{FB3D6D56-1432-4A8C-B183-8FD7B56EB7C2}.Debug|Win32.Build.0 = Debug|Win32
		{FB3D6D56-1432-4A8C-B183-8FD7B56EB7C2}.Release|Win32.ActiveCfg = Release|Win32
		{FB3D6D56-1432-4A8C-B183-8FD7B56EB7C2}.Release|Win32.Build.0 = Release|Win32
		{9B84679C-2076-4D0E-9592-46AD0CA07BF0}.Debug|Win32.ActiveCfg = Debug|Win32
		{9B84679C-2076-4D0E-9592-46AD0CA07BF0}.Debug|Win32.Build.0 = Debug|Win32
		{9B84679C-2076-4D0E-9592-46AD0CA07BF0}.Release|Win32.ActiveCfg = Release|Win32
		{9B84679C-2076-4D0E-9592-46AD0CA07BF0}.Release|Win32.Build.0 = Release|Win32
		{71CC4DC7-1E07-4C4C-9AE7-6707931683EE}.Debug|Win32.ActiveCfg = Debug|Win32
		{71CC4DC7-1E07-4C4C-9AE7-6707931683EE}.Debug|Win32.Build.0 = Debug|Win32
		{71CC4DC7-1E07-4C4C-9AE7-6707931683EE}.Release|Win32.ActiveCfg = Release|Win32
		{71CC4DC7-1E07-4C4C-9AE7-6707931683EE}.Release|Win32.Build.0 = Release|Win32
		{BC339B69-6A72-410F-95FE-8EE79E553271}.Debug|Win32.ActiveCfg = Debug|Win32
		{BC339B69-6A72-410F-95FE-8EE79E553271}.Debug|Win32.Build.0 = Debug|Win32
		{BC339B69-6A72-410F-95FE-8EE79E553271}.Release|Win32.ActiveCfg = Release|Win32
		{BC339B69-6A72-410F-95FE-8EE79E553271}.Release|Win32.Build.0 = Release|Win32
		{C191D878-250A-474D-B2A4-E957C9E6BF44}.Debug|Win32.ActiveCfg = Debug|Win32
		{C191D878-250A-474D-B2A4-E957C9E6BF44}.Debug|Win32.Build.0 = Debug|Win32
		{C191D878-250A-474D-B2A4-E957C9E6BF44}.Release|Win32.ActiveCfg = Release|Win32
		{C191D878-250A-474D-B2A4-E957C9E6BF44}.Release|Win32.Build.0 = Release|Win32
		{C1C22503-B521-419E-987C-8743177A6524}.Debug|Win32.ActiveCfg = Debug|Win32
		{C1C22503-B521-419E-987C-8743177A6524}.Debug|Win32.Build.0 = Debug|Win32
		{C1C22503-B521-419E-987C-8743177A6524}.Release|Win32.ActiveCfg = Release|Win32
		{C1C22503-B521-419E-987C-8743177A6524}.Release|Win32.Build.0 = Release|Win32
		{62295CA1-99D4-4047-99AC-A0C5713102B1}.Debug|Win32.ActiveCfg = Debug|Win32
		{62295CA1-99D4-4047-99AC-A0C5713102B1}.Debug|Win32.Build.0 = Debug|Win32
		{62295CA1-99D4-4047-99AC-A0C5713102B1}.Release|Win32.ActiveCfg = Release|Win32
		{62295CA1-99D4-4047-99AC-A0C5713102B1}.Release|Win32.Build.0 = Release|Win32
	EndGlobalSection
	GlobalSection(SolutionProperties) = preSolution
		HideSolutionNode = FALSE
	EndGlobalSection
EndGlobal
